
Microsoft Visual Studio Solution File, Format Version 12.00
# Visual Studio Version 17
VisualStudioVersion = 17.4.33205.214
MinimumVisualStudioVersion = 10.0.40219.1
Project("{9A19103F-16F7-4668-BE54-9A1E7A4F7556}") = "InvoiceManager.Module", "InvoiceManager.Module\InvoiceManager.Module.csproj", "{51B070A6-0AD7-4F09-870B-571E63E5DF48}"
EndProject
Project("{9A19103F-16F7-4668-BE54-9A1E7A4F7556}") = "InvoiceManager.Blazor.Server", "InvoiceManager.Blazor.Server\InvoiceManager.Blazor.Server.csproj", "{3C001FF0-84FB-47D7-BD33-6F133FD0790C}"
EndProject
Global
	GlobalSection(SolutionConfigurationPlatforms) = preSolution
		Debug|Any CPU = Debug|Any CPU
		EasyTest|Any CPU = EasyTest|Any CPU
		Release|Any CPU = Release|Any CPU
	EndGlobalSection
	GlobalSection(ProjectConfigurationPlatforms) = postSolution
		{51B070A6-0AD7-4F09-870B-571E63E5DF48}.Debug|Any CPU.ActiveCfg = Debug|Any CPU
		{51B070A6-0AD7-4F09-870B-571E63E5DF48}.Debug|Any CPU.Build.0 = Debug|Any CPU
		{51B070A6-0AD7-4F09-870B-571E63E5DF48}.EasyTest|Any CPU.ActiveCfg = EasyTest|Any CPU
		{51B070A6-0AD7-4F09-870B-571E63E5DF48}.EasyTest|Any CPU.Build.0 = EasyTest|Any CPU
		{51B070A6-0AD7-4F09-870B-571E63E5DF48}.Release|Any CPU.ActiveCfg = Release|Any CPU
		{51B070A6-0AD7-4F09-870B-571E63E5DF48}.Release|Any CPU.Build.0 = Release|Any CPU
		{3C001FF0-84FB-47D7-BD33-6F133FD0790C}.Debug|Any CPU.ActiveCfg = Debug|Any CPU
		{3C001FF0-84FB-47D7-BD33-6F133FD0790C}.Debug|Any CPU.Build.0 = Debug|Any CPU
		{3C001FF0-84FB-47D7-BD33-6F133FD0790C}.EasyTest|Any CPU.ActiveCfg = EasyTest|Any CPU
		{3C001FF0-84FB-47D7-BD33-6F133FD0790C}.EasyTest|Any CPU.Build.0 = EasyTest|Any CPU
		{3C001FF0-84FB-47D7-BD33-6F133FD0790C}.Release|Any CPU.ActiveCfg = Release|Any CPU
		{3C001FF0-84FB-47D7-BD33-6F133FD0790C}.Release|Any CPU.Build.0 = Release|Any CPU
	EndGlobalSection
	GlobalSection(SolutionProperties) = preSolution
		HideSolutionNode = FALSE
	EndGlobalSection
	GlobalSection(ExtensibilityGlobals) = postSolution
		SolutionGuid = {F0C8D52E-567F-4EEF-980F-36C40D3849BD}
	EndGlobalSection
EndGlobal
